
Microsoft Visual Studio Solution File, Format Version 12.00
# Visual Studio Version 16
VisualStudioVersion = 16.0.28803.352
MinimumVisualStudioVersion = 10.0.40219.1
Project("{2150E333-8FDC-42A3-9474-1A3956D46DE8}") = "src", "src", "{5E08FB6D-F20F-4667-916A-7CC0D2EAD9BF}"
EndProject
Project("{2150E333-8FDC-42A3-9474-1A3956D46DE8}") = "Core", "Core", "{E5D1A568-1972-418F-BE0B-1BC5ECC16842}"
EndProject
Project("{2150E333-8FDC-42A3-9474-1A3956D46DE8}") = "Web", "Web", "{DB787465-0DDF-485F-8CF7-3FD2EF3A691C}"
EndProject
Project("{2150E333-8FDC-42A3-9474-1A3956D46DE8}") = "Common", "Common", "{063C72DF-618D-4E91-800A-410854F03B91}"
EndProject
Project("{9A19103F-16F7-4668-BE54-9A1E7A4F7556}") = "Framework", "src\Common\Framework\Framework.csproj", "{B15D06F3-98D1-46CE-AADD-49735E9FF36A}"
EndProject
Project("{9A19103F-16F7-4668-BE54-9A1E7A4F7556}") = "Framework.UI", "src\Common\Framework.UI\Framework.UI.csproj", "{47812A36-36DA-46C7-9FC0-B6819DF0564F}"
EndProject
Project("{9A19103F-16F7-4668-BE54-9A1E7A4F7556}") = "ApplicationCore", "src\Core\ApplicationCore\ApplicationCore.csproj", "{23C07F2D-DA9A-4A0A-A732-7934CE6EC73E}"
EndProject
Project("{9A19103F-16F7-4668-BE54-9A1E7A4F7556}") = "Infrastructure", "src\Core\Infrastructure\Infrastructure.csproj", "{EA2876DF-7DB6-473B-8644-50F0CDEB33B8}"
EndProject
Project("{9A19103F-16F7-4668-BE54-9A1E7A4F7556}") = "Admin", "src\Web\Admin\Admin.csproj", "{26A5D035-AD6D-4085-AAC7-E5EA07846B12}"
EndProject
Project("{2150E333-8FDC-42A3-9474-1A3956D46DE8}") = "Functions", "Functions", "{4A387D9D-D197-480C-A861-DD483F0488F4}"
EndProject
Project("{FAE04EC0-301F-11D3-BF4B-00C04F79EFBC}") = "NpsFunctions", "src\Functions\NpsFunctions\NpsFunctions.csproj", "{4F1E3632-7CA1-45F4-8B65-2C353B4C67CA}"
EndProject
Project("{FAE04EC0-301F-11D3-BF4B-00C04F79EFBC}") = "JobFunctions", "src\Functions\JobFunctions\JobFunctions.csproj", "{E2C4FB55-426D-4C54-A48F-BB0216D89125}"
EndProject
Global
	GlobalSection(SolutionConfigurationPlatforms) = preSolution
		Debug|Any CPU = Debug|Any CPU
		Release|Any CPU = Release|Any CPU
	EndGlobalSection
	GlobalSection(ProjectConfigurationPlatforms) = postSolution
		{B15D06F3-98D1-46CE-AADD-49735E9FF36A}.Debug|Any CPU.ActiveCfg = Debug|Any CPU
		{B15D06F3-98D1-46CE-AADD-49735E9FF36A}.Debug|Any CPU.Build.0 = Debug|Any CPU
		{B15D06F3-98D1-46CE-AADD-49735E9FF36A}.Release|Any CPU.ActiveCfg = Release|Any CPU
		{B15D06F3-98D1-46CE-AADD-49735E9FF36A}.Release|Any CPU.Build.0 = Release|Any CPU
		{47812A36-36DA-46C7-9FC0-B6819DF0564F}.Debug|Any CPU.ActiveCfg = Debug|Any CPU
		{47812A36-36DA-46C7-9FC0-B6819DF0564F}.Debug|Any CPU.Build.0 = Debug|Any CPU
		{47812A36-36DA-46C7-9FC0-B6819DF0564F}.Release|Any CPU.ActiveCfg = Release|Any CPU
		{47812A36-36DA-46C7-9FC0-B6819DF0564F}.Release|Any CPU.Build.0 = Release|Any CPU
		{23C07F2D-DA9A-4A0A-A732-7934CE6EC73E}.Debug|Any CPU.ActiveCfg = Debug|Any CPU
		{23C07F2D-DA9A-4A0A-A732-7934CE6EC73E}.Debug|Any CPU.Build.0 = Debug|Any CPU
		{23C07F2D-DA9A-4A0A-A732-7934CE6EC73E}.Release|Any CPU.ActiveCfg = Release|Any CPU
		{23C07F2D-DA9A-4A0A-A732-7934CE6EC73E}.Release|Any CPU.Build.0 = Release|Any CPU
		{EA2876DF-7DB6-473B-8644-50F0CDEB33B8}.Debug|Any CPU.ActiveCfg = Debug|Any CPU
		{EA2876DF-7DB6-473B-8644-50F0CDEB33B8}.Debug|Any CPU.Build.0 = Debug|Any CPU
		{EA2876DF-7DB6-473B-8644-50F0CDEB33B8}.Release|Any CPU.ActiveCfg = Release|Any CPU
		{EA2876DF-7DB6-473B-8644-50F0CDEB33B8}.Release|Any CPU.Build.0 = Release|Any CPU
		{26A5D035-AD6D-4085-AAC7-E5EA07846B12}.Debug|Any CPU.ActiveCfg = Debug|Any CPU
		{26A5D035-AD6D-4085-AAC7-E5EA07846B12}.Debug|Any CPU.Build.0 = Debug|Any CPU
		{26A5D035-AD6D-4085-AAC7-E5EA07846B12}.Release|Any CPU.ActiveCfg = Release|Any CPU
		{26A5D035-AD6D-4085-AAC7-E5EA07846B12}.Release|Any CPU.Build.0 = Release|Any CPU
		{4F1E3632-7CA1-45F4-8B65-2C353B4C67CA}.Debug|Any CPU.ActiveCfg = Debug|Any CPU
		{4F1E3632-7CA1-45F4-8B65-2C353B4C67CA}.Debug|Any CPU.Build.0 = Debug|Any CPU
		{4F1E3632-7CA1-45F4-8B65-2C353B4C67CA}.Release|Any CPU.ActiveCfg = Release|Any CPU
		{4F1E3632-7CA1-45F4-8B65-2C353B4C67CA}.Release|Any CPU.Build.0 = Release|Any CPU
		{E2C4FB55-426D-4C54-A48F-BB0216D89125}.Debug|Any CPU.ActiveCfg = Debug|Any CPU
		{E2C4FB55-426D-4C54-A48F-BB0216D89125}.Debug|Any CPU.Build.0 = Debug|Any CPU
		{E2C4FB55-426D-4C54-A48F-BB0216D89125}.Release|Any CPU.ActiveCfg = Release|Any CPU
		{E2C4FB55-426D-4C54-A48F-BB0216D89125}.Release|Any CPU.Build.0 = Release|Any CPU
	EndGlobalSection
	GlobalSection(SolutionProperties) = preSolution
		HideSolutionNode = FALSE
	EndGlobalSection
	GlobalSection(NestedProjects) = preSolution
		{E5D1A568-1972-418F-BE0B-1BC5ECC16842} = {5E08FB6D-F20F-4667-916A-7CC0D2EAD9BF}
		{DB787465-0DDF-485F-8CF7-3FD2EF3A691C} = {5E08FB6D-F20F-4667-916A-7CC0D2EAD9BF}
		{063C72DF-618D-4E91-800A-410854F03B91} = {5E08FB6D-F20F-4667-916A-7CC0D2EAD9BF}
		{B15D06F3-98D1-46CE-AADD-49735E9FF36A} = {063C72DF-618D-4E91-800A-410854F03B91}
		{47812A36-36DA-46C7-9FC0-B6819DF0564F} = {063C72DF-618D-4E91-800A-410854F03B91}
		{23C07F2D-DA9A-4A0A-A732-7934CE6EC73E} = {E5D1A568-1972-418F-BE0B-1BC5ECC16842}
		{EA2876DF-7DB6-473B-8644-50F0CDEB33B8} = {E5D1A568-1972-418F-BE0B-1BC5ECC16842}
		{26A5D035-AD6D-4085-AAC7-E5EA07846B12} = {DB787465-0DDF-485F-8CF7-3FD2EF3A691C}
		{4A387D9D-D197-480C-A861-DD483F0488F4} = {5E08FB6D-F20F-4667-916A-7CC0D2EAD9BF}
		{4F1E3632-7CA1-45F4-8B65-2C353B4C67CA} = {4A387D9D-D197-480C-A861-DD483F0488F4}
		{E2C4FB55-426D-4C54-A48F-BB0216D89125} = {4A387D9D-D197-480C-A861-DD483F0488F4}
	EndGlobalSection
	GlobalSection(ExtensibilityGlobals) = postSolution
		SolutionGuid = {05766454-194A-4F16-8A26-B71895D12334}
	EndGlobalSection
EndGlobal
