{
  "name": "asp.net",
  "version": "1.0.0",
  "lockfileVersion": 1,
  "requires": true,
  "dependencies": {
    "@types/jquery": {
      "version": "3.3.4",
      "resolved": "https://registry.npmjs.org/@types/jquery/-/jquery-3.3.4.tgz",
      "integrity": "sha512-KqgLNDh8oTl43/2B78S7tjwPnOxPtP9wQsLptbuQCmMwqH5QuPZOk36RsNgbs3mnq/3SCyG1l/GJmhKk5Dg68g=="
    },
    "@types/jquery-validation-unobtrusive": {
      "version": "3.2.32",
      "resolved": "https://registry.npmjs.org/@types/jquery-validation-unobtrusive/-/jquery-validation-unobtrusive-3.2.32.tgz",
      "integrity": "sha512-RdGqqH2eheWG8laRwUb/rESNdELWV0wV2AVBkOn1pKI158UEvxOJObQjcJf8F4AMx61H/Dl4YApFO3hBzLKZvQ==",
      "requires": {
        "@types/jquery.validation": "*"
      }
    },
    "@types/jquery.pjax": {
      "version": "0.0.30",
      "resolved": "https://registry.npmjs.org/@types/jquery.pjax/-/jquery.pjax-0.0.30.tgz",
      "integrity": "sha512-f94NqZspVBEinj7SAuiJMBeCQo07Ok7QSNgF1QuubvKQRZZ9O8vv5Krpr6l4tMzc8oPPh+UmCEVznrodP3iwMw==",
      "requires": {
        "@types/jquery": "*"
      }
    },
    "@types/jquery.validation": {
      "version": "1.16.4",
      "resolved": "https://registry.npmjs.org/@types/jquery.validation/-/jquery.validation-1.16.4.tgz",
      "integrity": "sha512-PFrM2r+3bJ2y4VqY+Z68TBZJ+e/cHE7Cfdv1LFcZl0kk2z3au1fuCzxcSH5wAFxq3t4/5SVpXIEM+xysR8Qoxg==",
      "requires": {
        "@types/jquery": "*"
      }
    }
  }
}
